{
  "name": "Aircraft_Cargo_Blance_System",
  "lockfileVersion": 2,
  "requires": true,
  "packages": {
    "": {
      "dependencies": {
        "echarts": "^5.4.3",
        "echarts-gl": "^2.0.9"
      }
    },
    "node_modules/claygl": {
      "version": "1.3.0",
      "resolved": "https://registry.npmjs.org/claygl/-/claygl-1.3.0.tgz",
      "integrity": "sha512-+gGtJjT6SSHD2l2yC3MCubW/sCV40tZuSs5opdtn79vFSGUgp/lH139RNEQ6Jy078/L0aV8odCw8RSrUcMfLaQ=="
    },
    "node_modules/echarts": {
      "version": "5.4.3",
      "resolved": "https://registry.npmjs.org/echarts/-/echarts-5.4.3.tgz",
      "integrity": "sha512-mYKxLxhzy6zyTi/FaEbJMOZU1ULGEQHaeIeuMR5L+JnJTpz+YR03mnnpBhbR4+UYJAgiXgpyTVLffPAjOTLkZA==",
      "dependencies": {
        "tslib": "2.3.0",
        "zrender": "5.4.4"
      }
    },
    "node_modules/echarts-gl": {
      "version": "2.0.9",
      "resolved": "https://registry.npmjs.org/echarts-gl/-/echarts-gl-2.0.9.tgz",
      "integrity": "sha512-oKeMdkkkpJGWOzjgZUsF41DOh6cMsyrGGXimbjK2l6Xeq/dBQu4ShG2w2Dzrs/1bD27b2pLTGSaUzouY191gzA==",
      "dependencies": {
        "claygl": "^1.2.1",
        "zrender": "^5.1.1"
      },
      "peerDependencies": {
        "echarts": "^5.1.2"
      }
    },
    "node_modules/tslib": {
      "version": "2.3.0",
      "resolved": "https://registry.npmjs.org/tslib/-/tslib-2.3.0.tgz",
      "integrity": "sha512-N82ooyxVNm6h1riLCoyS9e3fuJ3AMG2zIZs2Gd1ATcSFjSA23Q0fzjjZeh0jbJvWVDZ0cJT8yaNNaaXHzueNjg=="
    },
    "node_modules/zrender": {
      "version": "5.4.4",
      "resolved": "https://registry.npmjs.org/zrender/-/zrender-5.4.4.tgz",
      "integrity": "sha512-0VxCNJ7AGOMCWeHVyTrGzUgrK4asT4ml9PEkeGirAkKNYXYzoPJCLvmyfdoOXcjTHPs10OZVMfD1Rwg16AZyYw==",
      "dependencies": {
        "tslib": "2.3.0"
      }
    }
  },
  "dependencies": {
    "claygl": {
      "version": "1.3.0",
      "resolved": "https://registry.npmjs.org/claygl/-/claygl-1.3.0.tgz",
      "integrity": "sha512-+gGtJjT6SSHD2l2yC3MCubW/sCV40tZuSs5opdtn79vFSGUgp/lH139RNEQ6Jy078/L0aV8odCw8RSrUcMfLaQ=="
    },
    "echarts": {
      "version": "5.4.3",
      "resolved": "https://registry.npmjs.org/echarts/-/echarts-5.4.3.tgz",
      "integrity": "sha512-mYKxLxhzy6zyTi/FaEbJMOZU1ULGEQHaeIeuMR5L+JnJTpz+YR03mnnpBhbR4+UYJAgiXgpyTVLffPAjOTLkZA==",
      "requires": {
        "tslib": "2.3.0",
        "zrender": "5.4.4"
      }
    },
    "echarts-gl": {
      "version": "2.0.9",
      "resolved": "https://registry.npmjs.org/echarts-gl/-/echarts-gl-2.0.9.tgz",
      "integrity": "sha512-oKeMdkkkpJGWOzjgZUsF41DOh6cMsyrGGXimbjK2l6Xeq/dBQu4ShG2w2Dzrs/1bD27b2pLTGSaUzouY191gzA==",
      "requires": {
        "claygl": "^1.2.1",
        "zrender": "^5.1.1"
      }
    },
    "tslib": {
      "version": "2.3.0",
      "resolved": "https://registry.npmjs.org/tslib/-/tslib-2.3.0.tgz",
      "integrity": "sha512-N82ooyxVNm6h1riLCoyS9e3fuJ3AMG2zIZs2Gd1ATcSFjSA23Q0fzjjZeh0jbJvWVDZ0cJT8yaNNaaXHzueNjg=="
    },
    "zrender": {
      "version": "5.4.4",
      "resolved": "https://registry.npmjs.org/zrender/-/zrender-5.4.4.tgz",
      "integrity": "sha512-0VxCNJ7AGOMCWeHVyTrGzUgrK4asT4ml9PEkeGirAkKNYXYzoPJCLvmyfdoOXcjTHPs10OZVMfD1Rwg16AZyYw==",
      "requires": {
        "tslib": "2.3.0"
      }
    }
  }
}
